{
  "name": "ntwitter",
  "version": "0.3.5",
  "lockfileVersion": 2,
  "requires": true,
  "packages": {
    "": {
      "name": "ntwitter",
      "version": "0.3.5",
      "dependencies": {
        "cookies": "0.1.x",
        "keygrip": "1.0.1",
        "oauth": "https://github.com/AudienseCo/node-oauth.git",
        "qs": "~6.5.2"
      },
      "engines": {
        "node": ">=0.4.0"
      }
    },
    "node_modules/cookies": {
      "version": "0.1.6",
      "engines": [
        "node"
      ]
    },
    "node_modules/keygrip": {
      "version": "1.0.1",
      "engines": {
        "node": "*"
      }
    },
    "node_modules/oauth": {
      "version": "0.9.90",
      "resolved": "git+ssh://git@github.com/AudienseCo/node-oauth.git#f19e6cd473db0f94b12236216e9b740945048759"
    },
    "node_modules/qs": {
      "version": "6.5.3",
      "license": "BSD-3-Clause",
      "engines": {
        "node": ">=0.6"
      }
    }
  },
  "dependencies": {
    "cookies": {
      "version": "0.1.6"
    },
    "keygrip": {
      "version": "1.0.1"
    },
    "oauth": {
      "version": "git+ssh://git@github.com/AudienseCo/node-oauth.git#f19e6cd473db0f94b12236216e9b740945048759",
      "from": "oauth@https://github.com/AudienseCo/node-oauth.git"
    },
    "qs": {
      "version": "6.5.3"
    }
  }
}
