{
  "name": "ntwitter",
  "version": "0.3.3",
  "lockfileVersion": 2,
  "requires": true,
  "packages": {
    "": {
      "name": "ntwitter",
      "version": "0.3.3",
      "dependencies": {
        "cookies": "0.1.x",
        "keygrip": "1.0.1",
        "oauth": "https://github.com/AudienseCo/node-oauth.git",
        "qs": "~6.5.2"
      },
      "engines": {
        "node": ">=0.4.0"
      }
    },
    "node_modules/cookies": {
      "version": "0.1.6",
      "resolved": "https://registry.npmjs.org/cookies/-/cookies-0.1.6.tgz",
      "integrity": "sha512-8tHgNiQdvU75SLj9iGMI8wzXw5GJcByJ4nAKlNcjrJLTyn2lTzgyDsciWpLREtUElTEFEWSiNYcqqzUxG9gcFA==",
      "engines": [
        "node"
      ]
    },
    "node_modules/keygrip": {
      "version": "1.0.1",
      "resolved": "https://registry.npmjs.org/keygrip/-/keygrip-1.0.1.tgz",
      "integrity": "sha512-PuKb2SDTcCiGlm0SLTWaSRq13rwnX3YIRBKF5fz4piODCa6a57qnXLvfGwAd/BXK9Tvxm7BITu5OgVmb2KBsBg==",
      "engines": {
        "node": "*"
      }
    },
    "node_modules/oauth": {
      "version": "0.9.89",
      "resolved": "git+ssh://git@github.com/AudienseCo/node-oauth.git#97c608fa7cd57bc5e834b96c2e401ca33ca6889a"
    },
    "node_modules/qs": {
      "version": "6.5.3",
      "resolved": "https://registry.npmjs.org/qs/-/qs-6.5.3.tgz",
      "integrity": "sha512-qxXIEh4pCGfHICj1mAJQ2/2XVZkjCDTcEgfoSQxc/fYivUZxTkk7L3bDBJSoNrEzXI17oUO5Dp07ktqE5KzczA==",
      "engines": {
        "node": ">=0.6"
      }
    }
  },
  "dependencies": {
    "cookies": {
      "version": "0.1.6",
      "resolved": "https://registry.npmjs.org/cookies/-/cookies-0.1.6.tgz",
      "integrity": "sha512-8tHgNiQdvU75SLj9iGMI8wzXw5GJcByJ4nAKlNcjrJLTyn2lTzgyDsciWpLREtUElTEFEWSiNYcqqzUxG9gcFA=="
    },
    "keygrip": {
      "version": "1.0.1",
      "resolved": "https://registry.npmjs.org/keygrip/-/keygrip-1.0.1.tgz",
      "integrity": "sha512-PuKb2SDTcCiGlm0SLTWaSRq13rwnX3YIRBKF5fz4piODCa6a57qnXLvfGwAd/BXK9Tvxm7BITu5OgVmb2KBsBg=="
    },
    "oauth": {
      "version": "git+ssh://git@github.com/AudienseCo/node-oauth.git#97c608fa7cd57bc5e834b96c2e401ca33ca6889a",
      "from": "oauth@https://github.com/AudienseCo/node-oauth.git"
    },
    "qs": {
      "version": "6.5.3",
      "resolved": "https://registry.npmjs.org/qs/-/qs-6.5.3.tgz",
      "integrity": "sha512-qxXIEh4pCGfHICj1mAJQ2/2XVZkjCDTcEgfoSQxc/fYivUZxTkk7L3bDBJSoNrEzXI17oUO5Dp07ktqE5KzczA=="
    }
  }
}
